
Microsoft Visual Studio Solution File, Format Version 12.00
# Visual Studio 15
Project("{FAE04EC0-301F-11D3-BF4B-00C04F79EFBC}") = "Assembly-CSharp", "Assembly-CSharp.csproj", "{C13C539B-402C-B512-9364-9A72BA5FB0C5}"
EndProject
Project("{FAE04EC0-301F-11D3-BF4B-00C04F79EFBC}") = "Assembly-CSharp-Editor", "Assembly-CSharp-Editor.csproj", "{EEC02676-7EAA-C923-5E27-DE3913C6C425}"
EndProject
Global
	GlobalSection(SolutionConfigurationPlatforms) = preSolution
		Debug|Any CPU = Debug|Any CPU
		Release|Any CPU = Release|Any CPU
	EndGlobalSection
	GlobalSection(ProjectConfigurationPlatforms) = postSolution
		{C13C539B-402C-B512-9364-9A72BA5FB0C5}.Debug|Any CPU.ActiveCfg = Debug|Any CPU
		{C13C539B-402C-B512-9364-9A72BA5FB0C5}.Debug|Any CPU.Build.0 = Debug|Any CPU
		{C13C539B-402C-B512-9364-9A72BA5FB0C5}.Release|Any CPU.ActiveCfg = Release|Any CPU
		{C13C539B-402C-B512-9364-9A72BA5FB0C5}.Release|Any CPU.Build.0 = Release|Any CPU
		{EEC02676-7EAA-C923-5E27-DE3913C6C425}.Debug|Any CPU.ActiveCfg = Debug|Any CPU
		{EEC02676-7EAA-C923-5E27-DE3913C6C425}.Debug|Any CPU.Build.0 = Debug|Any CPU
		{EEC02676-7EAA-C923-5E27-DE3913C6C425}.Release|Any CPU.ActiveCfg = Release|Any CPU
		{EEC02676-7EAA-C923-5E27-DE3913C6C425}.Release|Any CPU.Build.0 = Release|Any CPU
	EndGlobalSection
	GlobalSection(SolutionProperties) = preSolution
		HideSolutionNode = FALSE
	EndGlobalSection
EndGlobal
